
Microsoft Visual Studio Solution File, Format Version 12.00
# Visual Studio Version 17
VisualStudioVersion = 17.2.32630.192
MinimumVisualStudioVersion = 10.0.40219.1
Project("{9A19103F-16F7-4668-BE54-9A1E7A4F7556}") = "R5T.T0205", "R5T.T0205\R5T.T0205.csproj", "{13616A8D-32D6-4977-B626-22207977AC40}"
EndProject
Project("{2150E333-8FDC-42A3-9474-1A3956D46DE8}") = "_Dependencies", "_Dependencies", "{2962FA94-C070-482C-8247-56849B7453FC}"
EndProject
Project("{9A19103F-16F7-4668-BE54-9A1E7A4F7556}") = "R5T.T0132", "..\..\R5T.T0132\source\R5T.T0132\R5T.T0132.csproj", "{907880F3-8A16-4069-ABA3-7E98FB65F357}"
EndProject
Project("{9A19103F-16F7-4668-BE54-9A1E7A4F7556}") = "R5T.T0143", "..\..\R5T.T0143\source\R5T.T0143\R5T.T0143.csproj", "{216E3ED3-2C2F-4CE2-B540-9BFEB23E584E}"
EndProject
Project("{9A19103F-16F7-4668-BE54-9A1E7A4F7556}") = "R5T.T0178", "..\..\R5T.T0178\source\R5T.T0178\R5T.T0178.csproj", "{4ED8C552-8029-45B3-BC1C-44B6C96890E0}"
EndProject
Project("{9A19103F-16F7-4668-BE54-9A1E7A4F7556}") = "R5T.T0179", "..\..\R5T.T0179\source\R5T.T0179\R5T.T0179.csproj", "{850A9BFD-73A0-4860-A1A7-0449726A7CFE}"
EndProject
Project("{9A19103F-16F7-4668-BE54-9A1E7A4F7556}") = "R5T.F0000", "..\..\R5T.F0000\source\R5T.F0000\R5T.F0000.csproj", "{EA6246C4-6BE4-4F24-9225-A0AAA1FC93CC}"
EndProject
Project("{9A19103F-16F7-4668-BE54-9A1E7A4F7556}") = "R5T.T0131", "..\..\R5T.T0131\source\R5T.T0131\R5T.T0131.csproj", "{F758BF6F-BEA0-4150-9A35-B477086724FE}"
EndProject
Project("{9A19103F-16F7-4668-BE54-9A1E7A4F7556}") = "R5T.T0142", "..\..\R5T.T0142\source\R5T.T0142\R5T.T0142.csproj", "{DF3D4863-8305-479F-98F0-67FA70DB9019}"
EndProject
Project("{9A19103F-16F7-4668-BE54-9A1E7A4F7556}") = "R5T.T0156", "..\..\R5T.T0156\source\R5T.T0156\R5T.T0156.csproj", "{DA334A76-FEC0-4A10-ACBA-F85ED7F565A5}"
EndProject
Project("{9A19103F-16F7-4668-BE54-9A1E7A4F7556}") = "R5T.Y0000", "..\..\R5T.Y0000\source\R5T.Y0000\R5T.Y0000.csproj", "{69C398CF-4282-4089-B7BB-80AB8FD711E2}"
EndProject
Project("{9A19103F-16F7-4668-BE54-9A1E7A4F7556}") = "R5T.Z0000", "..\..\R5T.Z0000\source\R5T.Z0000\R5T.Z0000.csproj", "{1EC189F9-25DF-431F-9F94-63E14C165C0D}"
EndProject
Global
	GlobalSection(NestedProjects) = preSolution
		{907880F3-8A16-4069-ABA3-7E98FB65F357} = {2962FA94-C070-482C-8247-56849B7453FC}
		{216E3ED3-2C2F-4CE2-B540-9BFEB23E584E} = {2962FA94-C070-482C-8247-56849B7453FC}
		{4ED8C552-8029-45B3-BC1C-44B6C96890E0} = {2962FA94-C070-482C-8247-56849B7453FC}
		{850A9BFD-73A0-4860-A1A7-0449726A7CFE} = {2962FA94-C070-482C-8247-56849B7453FC}
		{EA6246C4-6BE4-4F24-9225-A0AAA1FC93CC} = {2962FA94-C070-482C-8247-56849B7453FC}
		{F758BF6F-BEA0-4150-9A35-B477086724FE} = {2962FA94-C070-482C-8247-56849B7453FC}
		{DF3D4863-8305-479F-98F0-67FA70DB9019} = {2962FA94-C070-482C-8247-56849B7453FC}
		{DA334A76-FEC0-4A10-ACBA-F85ED7F565A5} = {2962FA94-C070-482C-8247-56849B7453FC}
		{69C398CF-4282-4089-B7BB-80AB8FD711E2} = {2962FA94-C070-482C-8247-56849B7453FC}
		{1EC189F9-25DF-431F-9F94-63E14C165C0D} = {2962FA94-C070-482C-8247-56849B7453FC}
	EndGlobalSection
	GlobalSection(SolutionConfigurationPlatforms) = preSolution
		Debug|Any CPU = Debug|Any CPU
		Release|Any CPU = Release|Any CPU
	EndGlobalSection
	GlobalSection(ProjectConfigurationPlatforms) = postSolution
		{13616A8D-32D6-4977-B626-22207977AC40}.Debug|Any CPU.ActiveCfg = Debug|Any CPU
		{13616A8D-32D6-4977-B626-22207977AC40}.Debug|Any CPU.Build.0 = Debug|Any CPU
		{13616A8D-32D6-4977-B626-22207977AC40}.Release|Any CPU.ActiveCfg = Release|Any CPU
		{13616A8D-32D6-4977-B626-22207977AC40}.Release|Any CPU.Build.0 = Release|Any CPU
		{907880F3-8A16-4069-ABA3-7E98FB65F357}.Debug|Any CPU.ActiveCfg = Debug|Any CPU
		{907880F3-8A16-4069-ABA3-7E98FB65F357}.Debug|Any CPU.Build.0 = Debug|Any CPU
		{907880F3-8A16-4069-ABA3-7E98FB65F357}.Release|Any CPU.ActiveCfg = Release|Any CPU
		{907880F3-8A16-4069-ABA3-7E98FB65F357}.Release|Any CPU.Build.0 = Release|Any CPU
		{216E3ED3-2C2F-4CE2-B540-9BFEB23E584E}.Debug|Any CPU.ActiveCfg = Debug|Any CPU
		{216E3ED3-2C2F-4CE2-B540-9BFEB23E584E}.Debug|Any CPU.Build.0 = Debug|Any CPU
		{216E3ED3-2C2F-4CE2-B540-9BFEB23E584E}.Release|Any CPU.ActiveCfg = Release|Any CPU
		{216E3ED3-2C2F-4CE2-B540-9BFEB23E584E}.Release|Any CPU.Build.0 = Release|Any CPU
		{4ED8C552-8029-45B3-BC1C-44B6C96890E0}.Debug|Any CPU.ActiveCfg = Debug|Any CPU
		{4ED8C552-8029-45B3-BC1C-44B6C96890E0}.Debug|Any CPU.Build.0 = Debug|Any CPU
		{4ED8C552-8029-45B3-BC1C-44B6C96890E0}.Release|Any CPU.ActiveCfg = Release|Any CPU
		{4ED8C552-8029-45B3-BC1C-44B6C96890E0}.Release|Any CPU.Build.0 = Release|Any CPU
		{850A9BFD-73A0-4860-A1A7-0449726A7CFE}.Debug|Any CPU.ActiveCfg = Debug|Any CPU
		{850A9BFD-73A0-4860-A1A7-0449726A7CFE}.Debug|Any CPU.Build.0 = Debug|Any CPU
		{850A9BFD-73A0-4860-A1A7-0449726A7CFE}.Release|Any CPU.ActiveCfg = Release|Any CPU
		{850A9BFD-73A0-4860-A1A7-0449726A7CFE}.Release|Any CPU.Build.0 = Release|Any CPU
		{EA6246C4-6BE4-4F24-9225-A0AAA1FC93CC}.Debug|Any CPU.ActiveCfg = Debug|Any CPU
		{EA6246C4-6BE4-4F24-9225-A0AAA1FC93CC}.Debug|Any CPU.Build.0 = Debug|Any CPU
		{EA6246C4-6BE4-4F24-9225-A0AAA1FC93CC}.Release|Any CPU.ActiveCfg = Release|Any CPU
		{EA6246C4-6BE4-4F24-9225-A0AAA1FC93CC}.Release|Any CPU.Build.0 = Release|Any CPU
		{F758BF6F-BEA0-4150-9A35-B477086724FE}.Debug|Any CPU.ActiveCfg = Debug|Any CPU
		{F758BF6F-BEA0-4150-9A35-B477086724FE}.Debug|Any CPU.Build.0 = Debug|Any CPU
		{F758BF6F-BEA0-4150-9A35-B477086724FE}.Release|Any CPU.ActiveCfg = Release|Any CPU
		{F758BF6F-BEA0-4150-9A35-B477086724FE}.Release|Any CPU.Build.0 = Release|Any CPU
		{DF3D4863-8305-479F-98F0-67FA70DB9019}.Debug|Any CPU.ActiveCfg = Debug|Any CPU
		{DF3D4863-8305-479F-98F0-67FA70DB9019}.Debug|Any CPU.Build.0 = Debug|Any CPU
		{DF3D4863-8305-479F-98F0-67FA70DB9019}.Release|Any CPU.ActiveCfg = Release|Any CPU
		{DF3D4863-8305-479F-98F0-67FA70DB9019}.Release|Any CPU.Build.0 = Release|Any CPU
		{DA334A76-FEC0-4A10-ACBA-F85ED7F565A5}.Debug|Any CPU.ActiveCfg = Debug|Any CPU
		{DA334A76-FEC0-4A10-ACBA-F85ED7F565A5}.Debug|Any CPU.Build.0 = Debug|Any CPU
		{DA334A76-FEC0-4A10-ACBA-F85ED7F565A5}.Release|Any CPU.ActiveCfg = Release|Any CPU
		{DA334A76-FEC0-4A10-ACBA-F85ED7F565A5}.Release|Any CPU.Build.0 = Release|Any CPU
		{69C398CF-4282-4089-B7BB-80AB8FD711E2}.Debug|Any CPU.ActiveCfg = Debug|Any CPU
		{69C398CF-4282-4089-B7BB-80AB8FD711E2}.Debug|Any CPU.Build.0 = Debug|Any CPU
		{69C398CF-4282-4089-B7BB-80AB8FD711E2}.Release|Any CPU.ActiveCfg = Release|Any CPU
		{69C398CF-4282-4089-B7BB-80AB8FD711E2}.Release|Any CPU.Build.0 = Release|Any CPU
		{1EC189F9-25DF-431F-9F94-63E14C165C0D}.Debug|Any CPU.ActiveCfg = Debug|Any CPU
		{1EC189F9-25DF-431F-9F94-63E14C165C0D}.Debug|Any CPU.Build.0 = Debug|Any CPU
		{1EC189F9-25DF-431F-9F94-63E14C165C0D}.Release|Any CPU.ActiveCfg = Release|Any CPU
		{1EC189F9-25DF-431F-9F94-63E14C165C0D}.Release|Any CPU.Build.0 = Release|Any CPU
	EndGlobalSection
	GlobalSection(SolutionProperties) = preSolution
		HideSolutionNode = FALSE
	EndGlobalSection
	GlobalSection(ExtensibilityGlobals) = postSolution
		SolutionGuid = {7473CE42-0D2D-4B7E-AE5B-A4F23C9D1F22}
	EndGlobalSection
EndGlobal
