
Microsoft Visual Studio Solution File, Format Version 12.00
# Visual Studio Version 17
VisualStudioVersion = 17.2.32630.192
MinimumVisualStudioVersion = 10.0.40219.1
Project("{9A19103F-16F7-4668-BE54-9A1E7A4F7556}") = "R5T.T0205.Construction", "R5T.T0205.Construction\R5T.T0205.Construction.csproj", "{834C4BDB-BC70-472A-9985-9AB9FA4A8D33}"
EndProject
Project("{9A19103F-16F7-4668-BE54-9A1E7A4F7556}") = "R5T.T0205", "R5T.T0205\R5T.T0205.csproj", "{C560C72C-1971-42F1-84BE-6F593FF07B17}"
EndProject
Project("{2150E333-8FDC-42A3-9474-1A3956D46DE8}") = "_Dependencies", "_Dependencies", "{8196EDC8-F987-4856-A3ED-F65BBE57098E}"
EndProject
Project("{9A19103F-16F7-4668-BE54-9A1E7A4F7556}") = "R5T.T0132", "..\..\R5T.T0132\source\R5T.T0132\R5T.T0132.csproj", "{365474F8-C80E-455C-8D9C-5FAB4C7D8D43}"
EndProject
Project("{9A19103F-16F7-4668-BE54-9A1E7A4F7556}") = "R5T.T0143", "..\..\R5T.T0143\source\R5T.T0143\R5T.T0143.csproj", "{140B07AA-FBF5-4678-9C0C-5B212B859AC8}"
EndProject
Project("{9A19103F-16F7-4668-BE54-9A1E7A4F7556}") = "R5T.T0178", "..\..\R5T.T0178\source\R5T.T0178\R5T.T0178.csproj", "{1974F078-0963-4584-9C3B-FCDCC57085FB}"
EndProject
Project("{9A19103F-16F7-4668-BE54-9A1E7A4F7556}") = "R5T.T0179", "..\..\R5T.T0179\source\R5T.T0179\R5T.T0179.csproj", "{4FC5E8DE-87BD-4F2E-A938-0B469AED8EFE}"
EndProject
Project("{9A19103F-16F7-4668-BE54-9A1E7A4F7556}") = "R5T.F0000", "..\..\R5T.F0000\source\R5T.F0000\R5T.F0000.csproj", "{4F73CD80-64A5-42D2-9EC2-E8C98A318F2D}"
EndProject
Project("{9A19103F-16F7-4668-BE54-9A1E7A4F7556}") = "R5T.F0002", "..\..\R5T.F0002\source\R5T.F0002\R5T.F0002.csproj", "{9EBFD3BC-B97E-4909-8954-248BB442EE4F}"
EndProject
Project("{9A19103F-16F7-4668-BE54-9A1E7A4F7556}") = "R5T.F0120", "..\..\R5T.F0120\source\R5T.F0120\R5T.F0120.csproj", "{B065C3DA-9B24-4FB7-B273-3B7BD325F6B9}"
EndProject
Project("{9A19103F-16F7-4668-BE54-9A1E7A4F7556}") = "R5T.T0131", "..\..\R5T.T0131\source\R5T.T0131\R5T.T0131.csproj", "{4A4AA384-DE7C-456B-A891-1F014429EDB2}"
EndProject
Project("{9A19103F-16F7-4668-BE54-9A1E7A4F7556}") = "R5T.T0142", "..\..\R5T.T0142\source\R5T.T0142\R5T.T0142.csproj", "{8F57CE7D-1C88-4565-B550-9A39A41AB1FB}"
EndProject
Project("{9A19103F-16F7-4668-BE54-9A1E7A4F7556}") = "R5T.T0156", "..\..\R5T.T0156\source\R5T.T0156\R5T.T0156.csproj", "{9917AD6C-98FA-4235-9D31-37127FED3822}"
EndProject
Project("{9A19103F-16F7-4668-BE54-9A1E7A4F7556}") = "R5T.T0180", "..\..\R5T.T0180\source\R5T.T0180\R5T.T0180.csproj", "{59418B35-D2B5-4C3A-82F6-C7DF5D78D60A}"
EndProject
Project("{9A19103F-16F7-4668-BE54-9A1E7A4F7556}") = "R5T.T0181", "..\..\R5T.T0181\source\R5T.T0181\R5T.T0181.csproj", "{E8BC4A29-A520-4697-8B51-8C76641421CF}"
EndProject
Project("{9A19103F-16F7-4668-BE54-9A1E7A4F7556}") = "R5T.Y0000", "..\..\R5T.Y0000\source\R5T.Y0000\R5T.Y0000.csproj", "{ECB807D6-A91F-40C6-BEAE-004663E8F6D1}"
EndProject
Project("{9A19103F-16F7-4668-BE54-9A1E7A4F7556}") = "R5T.Z0000", "..\..\R5T.Z0000\source\R5T.Z0000\R5T.Z0000.csproj", "{D3DBE9D9-2FFC-4D70-9C1D-05BA3EB8BDC1}"
EndProject
Global
	GlobalSection(NestedProjects) = preSolution
		{365474F8-C80E-455C-8D9C-5FAB4C7D8D43} = {8196EDC8-F987-4856-A3ED-F65BBE57098E}
		{140B07AA-FBF5-4678-9C0C-5B212B859AC8} = {8196EDC8-F987-4856-A3ED-F65BBE57098E}
		{1974F078-0963-4584-9C3B-FCDCC57085FB} = {8196EDC8-F987-4856-A3ED-F65BBE57098E}
		{4FC5E8DE-87BD-4F2E-A938-0B469AED8EFE} = {8196EDC8-F987-4856-A3ED-F65BBE57098E}
		{4F73CD80-64A5-42D2-9EC2-E8C98A318F2D} = {8196EDC8-F987-4856-A3ED-F65BBE57098E}
		{9EBFD3BC-B97E-4909-8954-248BB442EE4F} = {8196EDC8-F987-4856-A3ED-F65BBE57098E}
		{B065C3DA-9B24-4FB7-B273-3B7BD325F6B9} = {8196EDC8-F987-4856-A3ED-F65BBE57098E}
		{4A4AA384-DE7C-456B-A891-1F014429EDB2} = {8196EDC8-F987-4856-A3ED-F65BBE57098E}
		{8F57CE7D-1C88-4565-B550-9A39A41AB1FB} = {8196EDC8-F987-4856-A3ED-F65BBE57098E}
		{9917AD6C-98FA-4235-9D31-37127FED3822} = {8196EDC8-F987-4856-A3ED-F65BBE57098E}
		{59418B35-D2B5-4C3A-82F6-C7DF5D78D60A} = {8196EDC8-F987-4856-A3ED-F65BBE57098E}
		{E8BC4A29-A520-4697-8B51-8C76641421CF} = {8196EDC8-F987-4856-A3ED-F65BBE57098E}
		{ECB807D6-A91F-40C6-BEAE-004663E8F6D1} = {8196EDC8-F987-4856-A3ED-F65BBE57098E}
		{D3DBE9D9-2FFC-4D70-9C1D-05BA3EB8BDC1} = {8196EDC8-F987-4856-A3ED-F65BBE57098E}
	EndGlobalSection
	GlobalSection(SolutionConfigurationPlatforms) = preSolution
		Debug|Any CPU = Debug|Any CPU
		Release|Any CPU = Release|Any CPU
	EndGlobalSection
	GlobalSection(ProjectConfigurationPlatforms) = postSolution
		{834C4BDB-BC70-472A-9985-9AB9FA4A8D33}.Debug|Any CPU.ActiveCfg = Debug|Any CPU
		{834C4BDB-BC70-472A-9985-9AB9FA4A8D33}.Debug|Any CPU.Build.0 = Debug|Any CPU
		{834C4BDB-BC70-472A-9985-9AB9FA4A8D33}.Release|Any CPU.ActiveCfg = Release|Any CPU
		{834C4BDB-BC70-472A-9985-9AB9FA4A8D33}.Release|Any CPU.Build.0 = Release|Any CPU
		{C560C72C-1971-42F1-84BE-6F593FF07B17}.Debug|Any CPU.ActiveCfg = Debug|Any CPU
		{C560C72C-1971-42F1-84BE-6F593FF07B17}.Debug|Any CPU.Build.0 = Debug|Any CPU
		{C560C72C-1971-42F1-84BE-6F593FF07B17}.Release|Any CPU.ActiveCfg = Release|Any CPU
		{C560C72C-1971-42F1-84BE-6F593FF07B17}.Release|Any CPU.Build.0 = Release|Any CPU
		{365474F8-C80E-455C-8D9C-5FAB4C7D8D43}.Debug|Any CPU.ActiveCfg = Debug|Any CPU
		{365474F8-C80E-455C-8D9C-5FAB4C7D8D43}.Debug|Any CPU.Build.0 = Debug|Any CPU
		{365474F8-C80E-455C-8D9C-5FAB4C7D8D43}.Release|Any CPU.ActiveCfg = Release|Any CPU
		{365474F8-C80E-455C-8D9C-5FAB4C7D8D43}.Release|Any CPU.Build.0 = Release|Any CPU
		{140B07AA-FBF5-4678-9C0C-5B212B859AC8}.Debug|Any CPU.ActiveCfg = Debug|Any CPU
		{140B07AA-FBF5-4678-9C0C-5B212B859AC8}.Debug|Any CPU.Build.0 = Debug|Any CPU
		{140B07AA-FBF5-4678-9C0C-5B212B859AC8}.Release|Any CPU.ActiveCfg = Release|Any CPU
		{140B07AA-FBF5-4678-9C0C-5B212B859AC8}.Release|Any CPU.Build.0 = Release|Any CPU
		{1974F078-0963-4584-9C3B-FCDCC57085FB}.Debug|Any CPU.ActiveCfg = Debug|Any CPU
		{1974F078-0963-4584-9C3B-FCDCC57085FB}.Debug|Any CPU.Build.0 = Debug|Any CPU
		{1974F078-0963-4584-9C3B-FCDCC57085FB}.Release|Any CPU.ActiveCfg = Release|Any CPU
		{1974F078-0963-4584-9C3B-FCDCC57085FB}.Release|Any CPU.Build.0 = Release|Any CPU
		{4FC5E8DE-87BD-4F2E-A938-0B469AED8EFE}.Debug|Any CPU.ActiveCfg = Debug|Any CPU
		{4FC5E8DE-87BD-4F2E-A938-0B469AED8EFE}.Debug|Any CPU.Build.0 = Debug|Any CPU
		{4FC5E8DE-87BD-4F2E-A938-0B469AED8EFE}.Release|Any CPU.ActiveCfg = Release|Any CPU
		{4FC5E8DE-87BD-4F2E-A938-0B469AED8EFE}.Release|Any CPU.Build.0 = Release|Any CPU
		{4F73CD80-64A5-42D2-9EC2-E8C98A318F2D}.Debug|Any CPU.ActiveCfg = Debug|Any CPU
		{4F73CD80-64A5-42D2-9EC2-E8C98A318F2D}.Debug|Any CPU.Build.0 = Debug|Any CPU
		{4F73CD80-64A5-42D2-9EC2-E8C98A318F2D}.Release|Any CPU.ActiveCfg = Release|Any CPU
		{4F73CD80-64A5-42D2-9EC2-E8C98A318F2D}.Release|Any CPU.Build.0 = Release|Any CPU
		{9EBFD3BC-B97E-4909-8954-248BB442EE4F}.Debug|Any CPU.ActiveCfg = Debug|Any CPU
		{9EBFD3BC-B97E-4909-8954-248BB442EE4F}.Debug|Any CPU.Build.0 = Debug|Any CPU
		{9EBFD3BC-B97E-4909-8954-248BB442EE4F}.Release|Any CPU.ActiveCfg = Release|Any CPU
		{9EBFD3BC-B97E-4909-8954-248BB442EE4F}.Release|Any CPU.Build.0 = Release|Any CPU
		{B065C3DA-9B24-4FB7-B273-3B7BD325F6B9}.Debug|Any CPU.ActiveCfg = Debug|Any CPU
		{B065C3DA-9B24-4FB7-B273-3B7BD325F6B9}.Debug|Any CPU.Build.0 = Debug|Any CPU
		{B065C3DA-9B24-4FB7-B273-3B7BD325F6B9}.Release|Any CPU.ActiveCfg = Release|Any CPU
		{B065C3DA-9B24-4FB7-B273-3B7BD325F6B9}.Release|Any CPU.Build.0 = Release|Any CPU
		{4A4AA384-DE7C-456B-A891-1F014429EDB2}.Debug|Any CPU.ActiveCfg = Debug|Any CPU
		{4A4AA384-DE7C-456B-A891-1F014429EDB2}.Debug|Any CPU.Build.0 = Debug|Any CPU
		{4A4AA384-DE7C-456B-A891-1F014429EDB2}.Release|Any CPU.ActiveCfg = Release|Any CPU
		{4A4AA384-DE7C-456B-A891-1F014429EDB2}.Release|Any CPU.Build.0 = Release|Any CPU
		{8F57CE7D-1C88-4565-B550-9A39A41AB1FB}.Debug|Any CPU.ActiveCfg = Debug|Any CPU
		{8F57CE7D-1C88-4565-B550-9A39A41AB1FB}.Debug|Any CPU.Build.0 = Debug|Any CPU
		{8F57CE7D-1C88-4565-B550-9A39A41AB1FB}.Release|Any CPU.ActiveCfg = Release|Any CPU
		{8F57CE7D-1C88-4565-B550-9A39A41AB1FB}.Release|Any CPU.Build.0 = Release|Any CPU
		{9917AD6C-98FA-4235-9D31-37127FED3822}.Debug|Any CPU.ActiveCfg = Debug|Any CPU
		{9917AD6C-98FA-4235-9D31-37127FED3822}.Debug|Any CPU.Build.0 = Debug|Any CPU
		{9917AD6C-98FA-4235-9D31-37127FED3822}.Release|Any CPU.ActiveCfg = Release|Any CPU
		{9917AD6C-98FA-4235-9D31-37127FED3822}.Release|Any CPU.Build.0 = Release|Any CPU
		{59418B35-D2B5-4C3A-82F6-C7DF5D78D60A}.Debug|Any CPU.ActiveCfg = Debug|Any CPU
		{59418B35-D2B5-4C3A-82F6-C7DF5D78D60A}.Debug|Any CPU.Build.0 = Debug|Any CPU
		{59418B35-D2B5-4C3A-82F6-C7DF5D78D60A}.Release|Any CPU.ActiveCfg = Release|Any CPU
		{59418B35-D2B5-4C3A-82F6-C7DF5D78D60A}.Release|Any CPU.Build.0 = Release|Any CPU
		{E8BC4A29-A520-4697-8B51-8C76641421CF}.Debug|Any CPU.ActiveCfg = Debug|Any CPU
		{E8BC4A29-A520-4697-8B51-8C76641421CF}.Debug|Any CPU.Build.0 = Debug|Any CPU
		{E8BC4A29-A520-4697-8B51-8C76641421CF}.Release|Any CPU.ActiveCfg = Release|Any CPU
		{E8BC4A29-A520-4697-8B51-8C76641421CF}.Release|Any CPU.Build.0 = Release|Any CPU
		{ECB807D6-A91F-40C6-BEAE-004663E8F6D1}.Debug|Any CPU.ActiveCfg = Debug|Any CPU
		{ECB807D6-A91F-40C6-BEAE-004663E8F6D1}.Debug|Any CPU.Build.0 = Debug|Any CPU
		{ECB807D6-A91F-40C6-BEAE-004663E8F6D1}.Release|Any CPU.ActiveCfg = Release|Any CPU
		{ECB807D6-A91F-40C6-BEAE-004663E8F6D1}.Release|Any CPU.Build.0 = Release|Any CPU
		{D3DBE9D9-2FFC-4D70-9C1D-05BA3EB8BDC1}.Debug|Any CPU.ActiveCfg = Debug|Any CPU
		{D3DBE9D9-2FFC-4D70-9C1D-05BA3EB8BDC1}.Debug|Any CPU.Build.0 = Debug|Any CPU
		{D3DBE9D9-2FFC-4D70-9C1D-05BA3EB8BDC1}.Release|Any CPU.ActiveCfg = Release|Any CPU
		{D3DBE9D9-2FFC-4D70-9C1D-05BA3EB8BDC1}.Release|Any CPU.Build.0 = Release|Any CPU
	EndGlobalSection
	GlobalSection(SolutionProperties) = preSolution
		HideSolutionNode = FALSE
	EndGlobalSection
	GlobalSection(ExtensibilityGlobals) = postSolution
		SolutionGuid = {007C7EEC-F97B-41CF-8195-241290EE3635}
	EndGlobalSection
EndGlobal
